
Microsoft Visual Studio Solution File, Format Version 11.00
# Visual Studio 2010
Project("{FAE04EC0-301F-11D3-BF4B-00C04F79EFBC}") = "Perspective.PixelShader", "Perspective.PixelShader\Perspective.PixelShader.csproj", "{D8FF1428-30FA-43D9-91C1-2B4EED1B13C4}"
EndProject
Project("{FAE04EC0-301F-11D3-BF4B-00C04F79EFBC}") = "Perspective.PixelShader.Build", "Perspective.PixelShader.Build\Perspective.PixelShader.Build.csproj", "{3CC24B75-095B-4366-AA76-7ABAB23B77E2}"
EndProject
Project("{FAE04EC0-301F-11D3-BF4B-00C04F79EFBC}") = "FxGeneratorCmd", "FxGeneratorCmd\FxGeneratorCmd.csproj", "{C674F7C8-A0AC-45FC-9DAD-3A5CA0523F25}"
EndProject
Project("{FAE04EC0-301F-11D3-BF4B-00C04F79EFBC}") = "Perspective.PixelShader.BuildTask", "Perspective.PixelShader.BuildTask\Perspective.PixelShader.BuildTask.csproj", "{86E4636B-5238-4A13-A5CB-13CA046AD5E9}"
EndProject
Project("{8BC9CEB8-8B4A-11D0-8D11-00A0C91BC942}") = "Perspective.PixelShader.Compiler", "Perspective.PixelShader.Compiler\Perspective.PixelShader.Compiler.vcxproj", "{3DF02FCE-8E4F-40A7-836D-2B10942D92DD}"
EndProject
Global
	GlobalSection(TeamFoundationVersionControl) = preSolution
		SccNumberOfProjects = 6
		SccEnterpriseProvider = {4CA58AB2-18FA-4F8D-95D4-32DDF27D184C}
		SccTeamFoundationServer = https://tfs.codeplex.com/tfs/tfs10
		SccLocalPath0 = .
		SccProjectUniqueName1 = Perspective.PixelShader\\Perspective.PixelShader.csproj
		SccProjectName1 = Perspective.PixelShader
		SccLocalPath1 = Perspective.PixelShader
		SccProjectUniqueName2 = Perspective.PixelShader.Build\\Perspective.PixelShader.Build.csproj
		SccProjectName2 = Perspective.PixelShader.Build
		SccLocalPath2 = Perspective.PixelShader.Build
		SccProjectUniqueName3 = FxGeneratorCmd\\FxGeneratorCmd.csproj
		SccProjectName3 = FxGeneratorCmd
		SccLocalPath3 = FxGeneratorCmd
		SccProjectUniqueName4 = Perspective.PixelShader.BuildTask\\Perspective.PixelShader.BuildTask.csproj
		SccProjectName4 = Perspective.PixelShader.BuildTask
		SccLocalPath4 = Perspective.PixelShader.BuildTask
		SccProjectUniqueName5 = Perspective.PixelShader.Compiler\\Perspective.PixelShader.Compiler.vcxproj
		SccProjectName5 = Perspective.PixelShader.Compiler
		SccLocalPath5 = Perspective.PixelShader.Compiler
	EndGlobalSection
	GlobalSection(SolutionConfigurationPlatforms) = preSolution
		Debug|Any CPU = Debug|Any CPU
		Debug|Mixed Platforms = Debug|Mixed Platforms
		Debug|Win32 = Debug|Win32
		Debug64|Any CPU = Debug64|Any CPU
		Debug64|Mixed Platforms = Debug64|Mixed Platforms
		Debug64|Win32 = Debug64|Win32
		Release|Any CPU = Release|Any CPU
		Release|Mixed Platforms = Release|Mixed Platforms
		Release|Win32 = Release|Win32
		Release64|Any CPU = Release64|Any CPU
		Release64|Mixed Platforms = Release64|Mixed Platforms
		Release64|Win32 = Release64|Win32
	EndGlobalSection
	GlobalSection(ProjectConfigurationPlatforms) = postSolution
		{D8FF1428-30FA-43D9-91C1-2B4EED1B13C4}.Debug|Any CPU.ActiveCfg = Debug|x86
		{D8FF1428-30FA-43D9-91C1-2B4EED1B13C4}.Debug|Any CPU.Build.0 = Debug|x86
		{D8FF1428-30FA-43D9-91C1-2B4EED1B13C4}.Debug|Mixed Platforms.ActiveCfg = Debug|x86
		{D8FF1428-30FA-43D9-91C1-2B4EED1B13C4}.Debug|Mixed Platforms.Build.0 = Debug|x86
		{D8FF1428-30FA-43D9-91C1-2B4EED1B13C4}.Debug|Win32.ActiveCfg = Debug|x86
		{D8FF1428-30FA-43D9-91C1-2B4EED1B13C4}.Debug64|Any CPU.ActiveCfg = Debug64|x64
		{D8FF1428-30FA-43D9-91C1-2B4EED1B13C4}.Debug64|Any CPU.Build.0 = Debug64|x64
		{D8FF1428-30FA-43D9-91C1-2B4EED1B13C4}.Debug64|Mixed Platforms.ActiveCfg = Debug64|x64
		{D8FF1428-30FA-43D9-91C1-2B4EED1B13C4}.Debug64|Mixed Platforms.Build.0 = Debug64|x64
		{D8FF1428-30FA-43D9-91C1-2B4EED1B13C4}.Debug64|Win32.ActiveCfg = Debug64|x64
		{D8FF1428-30FA-43D9-91C1-2B4EED1B13C4}.Release|Any CPU.ActiveCfg = Release|x86
		{D8FF1428-30FA-43D9-91C1-2B4EED1B13C4}.Release|Any CPU.Build.0 = Release|x86
		{D8FF1428-30FA-43D9-91C1-2B4EED1B13C4}.Release|Mixed Platforms.ActiveCfg = Release|x86
		{D8FF1428-30FA-43D9-91C1-2B4EED1B13C4}.Release|Mixed Platforms.Build.0 = Release|x86
		{D8FF1428-30FA-43D9-91C1-2B4EED1B13C4}.Release|Win32.ActiveCfg = Release|x86
		{D8FF1428-30FA-43D9-91C1-2B4EED1B13C4}.Release64|Any CPU.ActiveCfg = Release64|x64
		{D8FF1428-30FA-43D9-91C1-2B4EED1B13C4}.Release64|Any CPU.Build.0 = Release64|x64
		{D8FF1428-30FA-43D9-91C1-2B4EED1B13C4}.Release64|Mixed Platforms.ActiveCfg = Release64|x64
		{D8FF1428-30FA-43D9-91C1-2B4EED1B13C4}.Release64|Mixed Platforms.Build.0 = Release64|x64
		{D8FF1428-30FA-43D9-91C1-2B4EED1B13C4}.Release64|Win32.ActiveCfg = Release64|x64
		{3CC24B75-095B-4366-AA76-7ABAB23B77E2}.Debug|Any CPU.ActiveCfg = Debug|x86
		{3CC24B75-095B-4366-AA76-7ABAB23B77E2}.Debug|Any CPU.Build.0 = Debug|x86
		{3CC24B75-095B-4366-AA76-7ABAB23B77E2}.Debug|Mixed Platforms.ActiveCfg = Debug|x86
		{3CC24B75-095B-4366-AA76-7ABAB23B77E2}.Debug|Mixed Platforms.Build.0 = Debug|x86
		{3CC24B75-095B-4366-AA76-7ABAB23B77E2}.Debug|Win32.ActiveCfg = Debug|x86
		{3CC24B75-095B-4366-AA76-7ABAB23B77E2}.Debug64|Any CPU.ActiveCfg = Debug64|x64
		{3CC24B75-095B-4366-AA76-7ABAB23B77E2}.Debug64|Any CPU.Build.0 = Debug64|x64
		{3CC24B75-095B-4366-AA76-7ABAB23B77E2}.Debug64|Mixed Platforms.ActiveCfg = Debug64|x64
		{3CC24B75-095B-4366-AA76-7ABAB23B77E2}.Debug64|Mixed Platforms.Build.0 = Debug64|x64
		{3CC24B75-095B-4366-AA76-7ABAB23B77E2}.Debug64|Win32.ActiveCfg = Debug64|x64
		{3CC24B75-095B-4366-AA76-7ABAB23B77E2}.Release|Any CPU.ActiveCfg = Release|x86
		{3CC24B75-095B-4366-AA76-7ABAB23B77E2}.Release|Any CPU.Build.0 = Release|x86
		{3CC24B75-095B-4366-AA76-7ABAB23B77E2}.Release|Mixed Platforms.ActiveCfg = Release|x86
		{3CC24B75-095B-4366-AA76-7ABAB23B77E2}.Release|Mixed Platforms.Build.0 = Release|x86
		{3CC24B75-095B-4366-AA76-7ABAB23B77E2}.Release|Win32.ActiveCfg = Release|x86
		{3CC24B75-095B-4366-AA76-7ABAB23B77E2}.Release64|Any CPU.ActiveCfg = Release64|x64
		{3CC24B75-095B-4366-AA76-7ABAB23B77E2}.Release64|Any CPU.Build.0 = Release64|x64
		{3CC24B75-095B-4366-AA76-7ABAB23B77E2}.Release64|Mixed Platforms.ActiveCfg = Release64|x64
		{3CC24B75-095B-4366-AA76-7ABAB23B77E2}.Release64|Mixed Platforms.Build.0 = Release64|x64
		{3CC24B75-095B-4366-AA76-7ABAB23B77E2}.Release64|Win32.ActiveCfg = Release64|x64
		{C674F7C8-A0AC-45FC-9DAD-3A5CA0523F25}.Debug|Any CPU.ActiveCfg = Debug|x86
		{C674F7C8-A0AC-45FC-9DAD-3A5CA0523F25}.Debug|Any CPU.Build.0 = Debug|x86
		{C674F7C8-A0AC-45FC-9DAD-3A5CA0523F25}.Debug|Mixed Platforms.ActiveCfg = Debug|x86
		{C674F7C8-A0AC-45FC-9DAD-3A5CA0523F25}.Debug|Mixed Platforms.Build.0 = Debug|x86
		{C674F7C8-A0AC-45FC-9DAD-3A5CA0523F25}.Debug|Win32.ActiveCfg = Debug|x86
		{C674F7C8-A0AC-45FC-9DAD-3A5CA0523F25}.Debug64|Any CPU.ActiveCfg = Debug64|x64
		{C674F7C8-A0AC-45FC-9DAD-3A5CA0523F25}.Debug64|Any CPU.Build.0 = Debug64|x64
		{C674F7C8-A0AC-45FC-9DAD-3A5CA0523F25}.Debug64|Mixed Platforms.ActiveCfg = Debug64|x64
		{C674F7C8-A0AC-45FC-9DAD-3A5CA0523F25}.Debug64|Mixed Platforms.Build.0 = Debug64|x64
		{C674F7C8-A0AC-45FC-9DAD-3A5CA0523F25}.Debug64|Win32.ActiveCfg = Debug64|x64
		{C674F7C8-A0AC-45FC-9DAD-3A5CA0523F25}.Release|Any CPU.ActiveCfg = Release|x86
		{C674F7C8-A0AC-45FC-9DAD-3A5CA0523F25}.Release|Any CPU.Build.0 = Release|x86
		{C674F7C8-A0AC-45FC-9DAD-3A5CA0523F25}.Release|Mixed Platforms.ActiveCfg = Release|x86
		{C674F7C8-A0AC-45FC-9DAD-3A5CA0523F25}.Release|Mixed Platforms.Build.0 = Release|x86
		{C674F7C8-A0AC-45FC-9DAD-3A5CA0523F25}.Release|Win32.ActiveCfg = Release|x86
		{C674F7C8-A0AC-45FC-9DAD-3A5CA0523F25}.Release64|Any CPU.ActiveCfg = Release64|x64
		{C674F7C8-A0AC-45FC-9DAD-3A5CA0523F25}.Release64|Any CPU.Build.0 = Release64|x64
		{C674F7C8-A0AC-45FC-9DAD-3A5CA0523F25}.Release64|Mixed Platforms.ActiveCfg = Release64|x64
		{C674F7C8-A0AC-45FC-9DAD-3A5CA0523F25}.Release64|Mixed Platforms.Build.0 = Release64|x64
		{C674F7C8-A0AC-45FC-9DAD-3A5CA0523F25}.Release64|Win32.ActiveCfg = Release64|x64
		{86E4636B-5238-4A13-A5CB-13CA046AD5E9}.Debug|Any CPU.ActiveCfg = Debug|x86
		{86E4636B-5238-4A13-A5CB-13CA046AD5E9}.Debug|Any CPU.Build.0 = Debug|x86
		{86E4636B-5238-4A13-A5CB-13CA046AD5E9}.Debug|Mixed Platforms.ActiveCfg = Debug|x86
		{86E4636B-5238-4A13-A5CB-13CA046AD5E9}.Debug|Mixed Platforms.Build.0 = Debug|x86
		{86E4636B-5238-4A13-A5CB-13CA046AD5E9}.Debug|Win32.ActiveCfg = Debug|x86
		{86E4636B-5238-4A13-A5CB-13CA046AD5E9}.Debug64|Any CPU.ActiveCfg = Debug64|x64
		{86E4636B-5238-4A13-A5CB-13CA046AD5E9}.Debug64|Any CPU.Build.0 = Debug64|x64
		{86E4636B-5238-4A13-A5CB-13CA046AD5E9}.Debug64|Mixed Platforms.ActiveCfg = Debug64|x64
		{86E4636B-5238-4A13-A5CB-13CA046AD5E9}.Debug64|Mixed Platforms.Build.0 = Debug64|x64
		{86E4636B-5238-4A13-A5CB-13CA046AD5E9}.Debug64|Win32.ActiveCfg = Debug64|x64
		{86E4636B-5238-4A13-A5CB-13CA046AD5E9}.Release|Any CPU.ActiveCfg = Release|x86
		{86E4636B-5238-4A13-A5CB-13CA046AD5E9}.Release|Any CPU.Build.0 = Release|x86
		{86E4636B-5238-4A13-A5CB-13CA046AD5E9}.Release|Mixed Platforms.ActiveCfg = Release|x86
		{86E4636B-5238-4A13-A5CB-13CA046AD5E9}.Release|Mixed Platforms.Build.0 = Release|x86
		{86E4636B-5238-4A13-A5CB-13CA046AD5E9}.Release|Win32.ActiveCfg = Release|x86
		{86E4636B-5238-4A13-A5CB-13CA046AD5E9}.Release64|Any CPU.ActiveCfg = Release64|x64
		{86E4636B-5238-4A13-A5CB-13CA046AD5E9}.Release64|Any CPU.Build.0 = Release64|x64
		{86E4636B-5238-4A13-A5CB-13CA046AD5E9}.Release64|Mixed Platforms.ActiveCfg = Release64|x64
		{86E4636B-5238-4A13-A5CB-13CA046AD5E9}.Release64|Mixed Platforms.Build.0 = Release64|x64
		{86E4636B-5238-4A13-A5CB-13CA046AD5E9}.Release64|Win32.ActiveCfg = Release64|x64
		{3DF02FCE-8E4F-40A7-836D-2B10942D92DD}.Debug|Any CPU.ActiveCfg = Debug|Win32
		{3DF02FCE-8E4F-40A7-836D-2B10942D92DD}.Debug|Mixed Platforms.ActiveCfg = Debug|Win32
		{3DF02FCE-8E4F-40A7-836D-2B10942D92DD}.Debug|Mixed Platforms.Build.0 = Debug|Win32
		{3DF02FCE-8E4F-40A7-836D-2B10942D92DD}.Debug|Win32.ActiveCfg = Debug|Win32
		{3DF02FCE-8E4F-40A7-836D-2B10942D92DD}.Debug|Win32.Build.0 = Debug|Win32
		{3DF02FCE-8E4F-40A7-836D-2B10942D92DD}.Debug64|Any CPU.ActiveCfg = Debug64|x64
		{3DF02FCE-8E4F-40A7-836D-2B10942D92DD}.Debug64|Mixed Platforms.ActiveCfg = Debug64|x64
		{3DF02FCE-8E4F-40A7-836D-2B10942D92DD}.Debug64|Mixed Platforms.Build.0 = Debug64|x64
		{3DF02FCE-8E4F-40A7-836D-2B10942D92DD}.Debug64|Win32.ActiveCfg = Debug64|x64
		{3DF02FCE-8E4F-40A7-836D-2B10942D92DD}.Debug64|Win32.Build.0 = Debug64|x64
		{3DF02FCE-8E4F-40A7-836D-2B10942D92DD}.Release|Any CPU.ActiveCfg = Release|Win32
		{3DF02FCE-8E4F-40A7-836D-2B10942D92DD}.Release|Mixed Platforms.ActiveCfg = Release|Win32
		{3DF02FCE-8E4F-40A7-836D-2B10942D92DD}.Release|Mixed Platforms.Build.0 = Release|Win32
		{3DF02FCE-8E4F-40A7-836D-2B10942D92DD}.Release|Win32.ActiveCfg = Release|Win32
		{3DF02FCE-8E4F-40A7-836D-2B10942D92DD}.Release|Win32.Build.0 = Release|Win32
		{3DF02FCE-8E4F-40A7-836D-2B10942D92DD}.Release64|Any CPU.ActiveCfg = Release64|x64
		{3DF02FCE-8E4F-40A7-836D-2B10942D92DD}.Release64|Any CPU.Build.0 = Release64|x64
		{3DF02FCE-8E4F-40A7-836D-2B10942D92DD}.Release64|Mixed Platforms.ActiveCfg = Release64|x64
		{3DF02FCE-8E4F-40A7-836D-2B10942D92DD}.Release64|Mixed Platforms.Build.0 = Release64|x64
		{3DF02FCE-8E4F-40A7-836D-2B10942D92DD}.Release64|Win32.ActiveCfg = Release64|x64
		{3DF02FCE-8E4F-40A7-836D-2B10942D92DD}.Release64|Win32.Build.0 = Release64|x64
	EndGlobalSection
	GlobalSection(SolutionProperties) = preSolution
		HideSolutionNode = FALSE
	EndGlobalSection
EndGlobal
